
Microsoft Visual Studio Solution File, Format Version 12.00
# SQL Server Management Studio Version 21
VisualStudioVersion = 17.14.36408.4
MinimumVisualStudioVersion = 10.0.40219.1
Project("{4F2E2C19-372F-40D8-9FA7-9D2138C6997A}") = "MyTLUSQL", "MyTLUSQL.ssmssqlproj", "{902698E9-36F8-440D-E457-1ECF9E215976}"
EndProject
Global
	GlobalSection(SolutionConfigurationPlatforms) = preSolution
		Default|Default = Default|Default
	EndGlobalSection
	GlobalSection(ProjectConfigurationPlatforms) = postSolution
		{902698E9-36F8-440D-E457-1ECF9E215976}.Default|Default.ActiveCfg = Default
		{9318BBCF-B6E7-4DDA-89DC-7AD3B3EF1363}.Default|Default.ActiveCfg = Default
	EndGlobalSection
	GlobalSection(SolutionProperties) = preSolution
		HideSolutionNode = FALSE
	EndGlobalSection
	GlobalSection(ExtensibilityGlobals) = postSolution
		SolutionGuid = {F652297A-9F8B-40A7-88FD-6E6D74AF6EC4}
	EndGlobalSection
EndGlobal
